PODS:
  - BingAPI (0.1.0)
  - OMGHTTPURLRQ (2.1):
    - OMGHTTPURLRQ/RQ (= 2.1)
  - OMGHTTPURLRQ/FormURLEncode (2.1)
  - OMGHTTPURLRQ/RQ (2.1):
    - OMGHTTPURLRQ/FormURLEncode
    - OMGHTTPURLRQ/UserAgent
  - OMGHTTPURLRQ/UserAgent (2.1)
  - PromiseKit (2.0.0):
    - PromiseKit/Foundation (= 2.0.0)
    - PromiseKit/QuartzCore (= 2.0.0)
    - PromiseKit/UIKit (= 2.0.0)
  - PromiseKit/CorePromise (2.0.0)
  - PromiseKit/Foundation (2.0.0):
    - OMGHTTPURLRQ
    - PromiseKit/CorePromise
  - PromiseKit/QuartzCore (2.0.0):
    - PromiseKit/CorePromise
  - PromiseKit/UIKit (2.0.0):
    - PromiseKit/CorePromise

DEPENDENCIES:
  - BingAPI
  - PromiseKit (~> 2)

SPEC CHECKSUMS:
  BingAPI: 326fc63dc2abd8e677c3e22b8cb71523b556dd17
  OMGHTTPURLRQ: f8c515dfd2f57a5d74c710978f600231f52afec5
  PromiseKit: 94a571258076767ae3458a4329bc6630f881f711

COCOAPODS: 0.37.2
