PODS:
  - BingAPI (0.0.5)
  - OMGHTTPURLRQ (2.1):
    - OMGHTTPURLRQ/RQ (= 2.1)
  - OMGHTTPURLRQ/FormURLEncode (2.1)
  - OMGHTTPURLRQ/RQ (2.1):
    - OMGHTTPURLRQ/FormURLEncode
    - OMGHTTPURLRQ/UserAgent
  - OMGHTTPURLRQ/UserAgent (2.1)
  - PromiseKit/Swift (1.5.3):
    - PromiseKit/Swift/Foundation (= 1.5.3)
    - PromiseKit/Swift/UIKit (= 1.5.3)
  - PromiseKit/Swift/Foundation (1.5.3):
    - OMGHTTPURLRQ
    - PromiseKit/Swift/NSJSONFromData
    - PromiseKit/Swift/Promise
  - PromiseKit/Swift/NSJSONFromData (1.5.3):
    - PromiseKit/Swift/Promise
  - PromiseKit/Swift/Promise (1.5.3)
  - PromiseKit/Swift/UIKit (1.5.3):
    - PromiseKit/Swift/Promise

DEPENDENCIES:
  - BingAPI
  - PromiseKit/Swift

SPEC CHECKSUMS:
  BingAPI: 3f87fad3564d168cca026bb99cb19fb9f878f0e4
  OMGHTTPURLRQ: f8c515dfd2f57a5d74c710978f600231f52afec5
  PromiseKit: 7ecae7c190ab92ae00aae6ba7f88942107532b8f

COCOAPODS: 0.36.4
